
Microsoft Visual Studio Solution File, Format Version 12.00
# Visual Studio Version 17
VisualStudioVersion = 17.11.35327.3
MinimumVisualStudioVersion = 10.0.40219.1
Project("{FAE04EC0-301F-11D3-BF4B-00C04F79EFBC}") = "openfile_savefile", "openfile_savefile\openfile_savefile.csproj", "{D8B23A10-377D-454B-AE28-9C578D91D7EA}"
EndProject
Global
	GlobalSection(SolutionConfigurationPlatforms) = preSolution
		Debug|Any CPU = Debug|Any CPU
		Release|Any CPU = Release|Any CPU
	EndGlobalSection
	GlobalSection(ProjectConfigurationPlatforms) = postSolution
		{D8B23A10-377D-454B-AE28-9C578D91D7EA}.Debug|Any CPU.ActiveCfg = Debug|Any CPU
		{D8B23A10-377D-454B-AE28-9C578D91D7EA}.Debug|Any CPU.Build.0 = Debug|Any CPU
		{D8B23A10-377D-454B-AE28-9C578D91D7EA}.Release|Any CPU.ActiveCfg = Release|Any CPU
		{D8B23A10-377D-454B-AE28-9C578D91D7EA}.Release|Any CPU.Build.0 = Release|Any CPU
	EndGlobalSection
	GlobalSection(SolutionProperties) = preSolution
		HideSolutionNode = FALSE
	EndGlobalSection
	GlobalSection(ExtensibilityGlobals) = postSolution
		SolutionGuid = {935749DB-A3C9-4CB7-AE70-571361201EAD}
	EndGlobalSection
EndGlobal
